
Microsoft Visual Studio Solution File, Format Version 12.00
# Visual Studio Version 17
VisualStudioVersion = 17.10.35027.167
MinimumVisualStudioVersion = 10.0.40219.1
Project("{9A19103F-16F7-4668-BE54-9A1E7A4F7556}") = "GatorBounty", "GatorBounty.csproj", "{FA7413E9-50F0-4ED8-82EC-B933094DC304}"
EndProject
Global
	GlobalSection(SolutionConfigurationPlatforms) = preSolution
		Debug|Any CPU = Debug|Any CPU
		Release|Any CPU = Release|Any CPU
	EndGlobalSection
	GlobalSection(ProjectConfigurationPlatforms) = postSolution
		{FA7413E9-50F0-4ED8-82EC-B933094DC304}.Debug|Any CPU.ActiveCfg = Debug|Any CPU
		{FA7413E9-50F0-4ED8-82EC-B933094DC304}.Debug|Any CPU.Build.0 = Debug|Any CPU
		{FA7413E9-50F0-4ED8-82EC-B933094DC304}.Release|Any CPU.ActiveCfg = Release|Any CPU
		{FA7413E9-50F0-4ED8-82EC-B933094DC304}.Release|Any CPU.Build.0 = Release|Any CPU
	EndGlobalSection
	GlobalSection(SolutionProperties) = preSolution
		HideSolutionNode = FALSE
	EndGlobalSection
	GlobalSection(ExtensibilityGlobals) = postSolution
		SolutionGuid = {557CBBBB-588A-4DF2-8A9B-B447D259F8DC}
	EndGlobalSection
EndGlobal
